
Microsoft Visual Studio Solution File, Format Version 12.00
# Visual Studio Version 17
VisualStudioVersion = 17.2.32616.157
MinimumVisualStudioVersion = 10.0.40219.1
Project("{FAE04EC0-301F-11D3-BF4B-00C04F79EFBC}") = "WindowsFormsApp3", "WindowsFormsApp3\WindowsFormsApp3.csproj", "{A01A724D-BE72-4A92-9A06-13725720A9A7}"
EndProject
Global
	GlobalSection(SolutionConfigurationPlatforms) = preSolution
		Debug|Any CPU = Debug|Any CPU
		Release|Any CPU = Release|Any CPU
	EndGlobalSection
	GlobalSection(ProjectConfigurationPlatforms) = postSolution
		{A01A724D-BE72-4A92-9A06-13725720A9A7}.Debug|Any CPU.ActiveCfg = Debug|Any CPU
		{A01A724D-BE72-4A92-9A06-13725720A9A7}.Debug|Any CPU.Build.0 = Debug|Any CPU
		{A01A724D-BE72-4A92-9A06-13725720A9A7}.Release|Any CPU.ActiveCfg = Release|Any CPU
		{A01A724D-BE72-4A92-9A06-13725720A9A7}.Release|Any CPU.Build.0 = Release|Any CPU
	EndGlobalSection
	GlobalSection(SolutionProperties) = preSolution
		HideSolutionNode = FALSE
	EndGlobalSection
	GlobalSection(ExtensibilityGlobals) = postSolution
		SolutionGuid = {525F2534-1C32-421B-A301-8570C11BAEC2}
	EndGlobalSection
EndGlobal
